{
  "name": "hello-ngrok",
  "version": "1.0.0",
  "lockfileVersion": 3,
  "requires": true,
  "packages": {
    "": {
      "name": "hello-ngrok",
      "version": "1.0.0",
      "license": "ISC",
      "dependencies": {
        "@ngrok/ngrok": "^0.9.0"
      }
    },
    "node_modules/@ngrok/ngrok": {
      "version": "0.9.0",
      "resolved": "https://registry.npmjs.org/@ngrok/ngrok/-/ngrok-0.9.0.tgz",
      "integrity": "sha512-z7L5K4R2l1V/rryldxIgdGzQAa7RXqviR7xjEj6vyZibhXz1EYgvMenNo8JGX0uUN/uMd29/B5BHyFFUFBLvqg==",
      "engines": {
        "node": ">= 10"
      },
      "optionalDependencies": {
        "@ngrok/ngrok-android-arm-eabi": "0.9.0",
        "@ngrok/ngrok-android-arm64": "0.9.0",
        "@ngrok/ngrok-darwin-arm64": "0.9.0",
        "@ngrok/ngrok-darwin-universal": "0.9.0",
        "@ngrok/ngrok-darwin-x64": "0.9.0",
        "@ngrok/ngrok-freebsd-x64": "0.9.0",
        "@ngrok/ngrok-linux-arm-gnueabihf": "0.9.0",
        "@ngrok/ngrok-linux-arm64-gnu": "0.9.0",
        "@ngrok/ngrok-linux-arm64-musl": "0.9.0",
        "@ngrok/ngrok-linux-x64-gnu": "0.9.0",
        "@ngrok/ngrok-linux-x64-musl": "0.9.0",
        "@ngrok/ngrok-win32-ia32-msvc": "0.9.0",
        "@ngrok/ngrok-win32-x64-msvc": "0.9.0"
      }
    },
    "node_modules/@ngrok/ngrok-android-arm-eabi": {
      "version": "0.9.0",
      "resolved": "https://registry.npmjs.org/@ngrok/ngrok-android-arm-eabi/-/ngrok-android-arm-eabi-0.9.0.tgz",
      "integrity": "sha512-LFTaplfa7nVTLV952F2LvaTGeumQj3IR3nxxCnwsWVWs2YYqJko3J3E4T43K8Se/rZNX759nL0/QIPZS3+kvyA==",
      "cpu": [
        "arm"
      ],
      "optional": true,
      "os": [
        "android"
      ],
      "engines": {
        "node": ">= 10"
      }
    },
    "node_modules/@ngrok/ngrok-android-arm64": {
      "version": "0.9.0",
      "resolved": "https://registry.npmjs.org/@ngrok/ngrok-android-arm64/-/ngrok-android-arm64-0.9.0.tgz",
      "integrity": "sha512-oLpvairfT9jHUn7xswqWOj7Wwq1CsdLpVQFHdvFMcU0kRYjc/RtbO79yncm/fBGXUKsAV+PS8TKgAv+zK3D5Bw==",
      "cpu": [
        "arm64"
      ],
      "optional": true,
      "os": [
        "android"
      ],
      "engines": {
        "node": ">= 10"
      }
    },
    "node_modules/@ngrok/ngrok-darwin-arm64": {
      "version": "0.9.0",
      "resolved": "https://registry.npmjs.org/@ngrok/ngrok-darwin-arm64/-/ngrok-darwin-arm64-0.9.0.tgz",
      "integrity": "sha512-a+4/oBdPd0gl+JfLsR6tvvOien5j+J1kIAteZFGKUdPCk59WtTC3SAM/DJXs/I8ik0gFNU6h5L18uwDyBrW4PA==",
      "cpu": [
        "arm64"
      ],
      "optional": true,
      "os": [
        "darwin"
      ],
      "engines": {
        "node": ">= 10"
      }
    },
    "node_modules/@ngrok/ngrok-darwin-universal": {
      "version": "0.9.0",
      "resolved": "https://registry.npmjs.org/@ngrok/ngrok-darwin-universal/-/ngrok-darwin-universal-0.9.0.tgz",
      "integrity": "sha512-GvaVhDDTwl3fetIArOIDbw+khVHxTSidnMmRPWVq9AQem8Opbd9FGbcJHsYqruIGuSz/UOS2XgX52t2nSnPWfA==",
      "optional": true,
      "os": [
        "darwin"
      ],
      "engines": {
        "node": ">= 10"
      }
    },
    "node_modules/@ngrok/ngrok-darwin-x64": {
      "version": "0.9.0",
      "resolved": "https://registry.npmjs.org/@ngrok/ngrok-darwin-x64/-/ngrok-darwin-x64-0.9.0.tgz",
      "integrity": "sha512-BAyiTcx4L3+DfyFKPf0dqQ/9xCia5ph5f8V9566wRrqVg10qOld4dSwTGXpmR5jQaN5ACxm1bh+9KiYKQ/8V7A==",
      "cpu": [
        "x64"
      ],
      "optional": true,
      "os": [
        "darwin"
      ],
      "engines": {
        "node": ">= 10"
      }
    },
    "node_modules/@ngrok/ngrok-freebsd-x64": {
      "version": "0.9.0",
      "resolved": "https://registry.npmjs.org/@ngrok/ngrok-freebsd-x64/-/ngrok-freebsd-x64-0.9.0.tgz",
      "integrity": "sha512-OA79T9y/v8X6lD3qJTZKeZYvMAiMgxEzZzIlDmdm/Gh1T53dHGvCrY0ihVFuzxATQBqPOM9wXSR8ol66e1X2Dw==",
      "cpu": [
        "x64"
      ],
      "optional": true,
      "os": [
        "freebsd"
      ],
      "engines": {
        "node": ">= 10"
      }
    },
    "node_modules/@ngrok/ngrok-linux-arm-gnueabihf": {
      "version": "0.9.0",
      "resolved": "https://registry.npmjs.org/@ngrok/ngrok-linux-arm-gnueabihf/-/ngrok-linux-arm-gnueabihf-0.9.0.tgz",
      "integrity": "sha512-acWpMy5uNjFE5TG1wEs2rXt2x2X7coraMvAzWckwqgDKbxakURnTlOKJacF0LqQyjhP4cX3H7bytQE7+tOLezA==",
      "cpu": [
        "arm"
      ],
      "optional": true,
      "os": [
        "linux"
      ],
      "engines": {
        "node": ">= 10"
      }
    },
    "node_modules/@ngrok/ngrok-linux-arm64-gnu": {
      "version": "0.9.0",
      "resolved": "https://registry.npmjs.org/@ngrok/ngrok-linux-arm64-gnu/-/ngrok-linux-arm64-gnu-0.9.0.tgz",
      "integrity": "sha512-oeVS+pdoKLcqhOCikhCBq1SIevDiiVovzuSXQVmJZCLudcB0r9ecCiccaOtM3agosBqhfF9+tXENhDyh0w8wVA==",
      "cpu": [
        "arm64"
      ],
      "optional": true,
      "os": [
        "linux"
      ],
      "engines": {
        "node": ">= 10"
      }
    },
    "node_modules/@ngrok/ngrok-linux-arm64-musl": {
      "version": "0.9.0",
      "resolved": "https://registry.npmjs.org/@ngrok/ngrok-linux-arm64-musl/-/ngrok-linux-arm64-musl-0.9.0.tgz",
      "integrity": "sha512-MaO1YDyrTkch6TzXc0DILkyn9vbFBZmiDQyUl9g9/6zlBG6dnDIR/s3Cnpn5DxkohiAXUdAlLVNGpXqZVsmdkw==",
      "cpu": [
        "arm64"
      ],
      "optional": true,
      "os": [
        "linux"
      ],
      "engines": {
        "node": ">= 10"
      }
    },
    "node_modules/@ngrok/ngrok-linux-x64-gnu": {
      "version": "0.9.0",
      "resolved": "https://registry.npmjs.org/@ngrok/ngrok-linux-x64-gnu/-/ngrok-linux-x64-gnu-0.9.0.tgz",
      "integrity": "sha512-AwoDQ00xdIGkFRGONbPXTYpyWsVZH3sPJR/nd88W1xmFLmnEdTLnXtFhGVasKTWsqIk4HD1k17+CmH8p7z09+A==",
      "cpu": [
        "x64"
      ],
      "optional": true,
      "os": [
        "linux"
      ],
      "engines": {
        "node": ">= 10"
      }
    },
    "node_modules/@ngrok/ngrok-linux-x64-musl": {
      "version": "0.9.0",
      "resolved": "https://registry.npmjs.org/@ngrok/ngrok-linux-x64-musl/-/ngrok-linux-x64-musl-0.9.0.tgz",
      "integrity": "sha512-MvTh4cy7bLl0W0skEelOzNWtCuRsJe2JIpK+IOcqVbbmxrAU5z4Yk7196ZJ3/gnydMUyLoIjSI0RxBa/Kmyxfg==",
      "cpu": [
        "x64"
      ],
      "optional": true,
      "os": [
        "linux"
      ],
      "engines": {
        "node": ">= 10"
      }
    },
    "node_modules/@ngrok/ngrok-win32-ia32-msvc": {
      "version": "0.9.0",
      "resolved": "https://registry.npmjs.org/@ngrok/ngrok-win32-ia32-msvc/-/ngrok-win32-ia32-msvc-0.9.0.tgz",
      "integrity": "sha512-CHX9H9CTRvkRG/mFnjWuD1RfHZMjCtPH3SgxijiLPAdYGkMxBphulvBMgxFAvtiO/niteGr5CPcac0fjwIUZJQ==",
      "cpu": [
        "ia32"
      ],
      "optional": true,
      "os": [
        "win32"
      ],
      "engines": {
        "node": ">= 10"
      }
    },
    "node_modules/@ngrok/ngrok-win32-x64-msvc": {
      "version": "0.9.0",
      "resolved": "https://registry.npmjs.org/@ngrok/ngrok-win32-x64-msvc/-/ngrok-win32-x64-msvc-0.9.0.tgz",
      "integrity": "sha512-dCgbfGsSj/CHghcrF0RgHig/73F4198kgT/gPg04UvXGeAvFU1HE8YCaoyxrM/RfNjIThL0ISTQoJ2F+YDZSUQ==",
      "cpu": [
        "x64"
      ],
      "optional": true,
      "os": [
        "win32"
      ],
      "engines": {
        "node": ">= 10"
      }
    }
  }
}
